{
  "name": "test",
  "version": "1.0.0",
  "lockfileVersion": 1,
  "requires": true,
  "dependencies": {
    "uni-simple-router": {
      "version": "1.2.5",
      "resolved": "https://registry.npmjs.org/uni-simple-router/-/uni-simple-router-1.2.5.tgz",
      "integrity": "sha512-S+I7mDszDxK++73sFZXThX1NODAtZfeyPiILY+KfZerVnBbFmxdGPRk1NbVGEI8K/B0mRHtwSu+L+BtedIhBYg=="
    }
  }
}
