{
  "name": "test",
  "version": "1.0.0",
  "lockfileVersion": 1,
  "requires": true,
  "dependencies": {
    "uni-simple-router": {
      "version": "1.2.4",
      "resolved": "https://registry.npmjs.org/uni-simple-router/-/uni-simple-router-1.2.4.tgz",
      "integrity": "sha512-M9cCn+VCX7gpUJ99hJdS3KBZ4nLUbQ6Ou21IXjQTPPdb0o4cRHwsO4536uCA/+FxJF8vNmKIJMxo+ewpjKmcEw=="
    }
  }
}
