{
  "name": "test",
  "version": "1.0.0",
  "lockfileVersion": 1,
  "requires": true,
  "dependencies": {
    "uni-simple-router": {
      "version": "1.2.3",
      "resolved": "https://registry.npmjs.org/uni-simple-router/-/uni-simple-router-1.2.3.tgz",
      "integrity": "sha512-7XLLft0ML34Zb8SH3ujNp6xbCXoh+Ub0XbNky68A3mnH3E/5/MGAW17mb7j2+TXuISWo5+78ZQrt4bKbjS5AZg=="
    }
  }
}
