{
  "requires": true,
  "lockfileVersion": 1,
  "dependencies": {
    "uni-simple-router": {
      "version": "1.0.2",
      "resolved": "https://registry.npmjs.org/uni-simple-router/-/uni-simple-router-1.0.2.tgz",
      "integrity": "sha512-8S58zVJ9KKfERo7Bye3Yqe9dvK89U+bwqjOKno6th963FpxrztcJBoHW4q7nzeLF1VmDeVi4X6WmdIAnyN2omg=="
    }
  }
}
