{
  "name": "ideCreate",
  "version": "1.0.0",
  "lockfileVersion": 1,
  "requires": true,
  "dependencies": {
    "uni-hold-tabbar": {
      "version": "1.0.0",
      "resolved": "https://registry.npmjs.org/uni-hold-tabbar/-/uni-hold-tabbar-1.0.0.tgz",
      "integrity": "sha512-y2aeK5x5+znct18UiD8/LHX3F6ilOPHWRuJgA72+FbEmrzKE4otXRqiRZDqhifo0Zq4mby/wIRzKyiEyOCq5iQ=="
    },
    "uni-read-pages": {
      "version": "1.0.5",
      "resolved": "https://registry.npmjs.org/uni-read-pages/-/uni-read-pages-1.0.5.tgz",
      "integrity": "sha512-GkrrZ0LX0vn9R5k6RKEi0Ez3Q3e2vUpjXQ8Z6/K/d28KudI9ajqgt8WEjQFlG5EPm1K6uTArN8LlqmZTEixDUA=="
    },
    "uni-simple-router": {
      "version": "1.5.3",
      "resolved": "https://registry.npmjs.org/uni-simple-router/-/uni-simple-router-1.5.3.tgz",
      "integrity": "sha512-hhJJ991rMJanbcoFTqSUmCAN89gpD2XKAZ2ISW5UtS1W9HKGlxNK3vhjDHk5pfZrmU92UYkooOUGa3sJjh3Bwg==",
      "requires": {
        "uni-hold-tabbar": "^1.0.0"
      }
    }
  }
}
